
Microsoft Visual Studio Solution File, Format Version 12.00
# Visual Studio Version 17
VisualStudioVersion = 17.11.35303.130
MinimumVisualStudioVersion = 10.0.40219.1
Project("{FAE04EC0-301F-11D3-BF4B-00C04F79EFBC}") = "DOAN_BMCSDL", "DOAN_BMCSDL\DOAN_BMCSDL.csproj", "{8429758A-382C-46EB-BE24-C3836B57A627}"
EndProject
Project("{2150E333-8FDC-42A3-9474-1A3956D46DE8}") = "Solution Items", "Solution Items", "{12D14613-04FD-411C-9068-1181B1284BDD}"
	ProjectSection(SolutionItems) = preProject
		.editorconfig = .editorconfig
	EndProjectSection
EndProject
Global
	GlobalSection(SolutionConfigurationPlatforms) = preSolution
		Debug|Any CPU = Debug|Any CPU
		Release|Any CPU = Release|Any CPU
	EndGlobalSection
	GlobalSection(ProjectConfigurationPlatforms) = postSolution
		{8429758A-382C-46EB-BE24-C3836B57A627}.Debug|Any CPU.ActiveCfg = Debug|Any CPU
		{8429758A-382C-46EB-BE24-C3836B57A627}.Debug|Any CPU.Build.0 = Debug|Any CPU
		{8429758A-382C-46EB-BE24-C3836B57A627}.Release|Any CPU.ActiveCfg = Release|Any CPU
		{8429758A-382C-46EB-BE24-C3836B57A627}.Release|Any CPU.Build.0 = Release|Any CPU
	EndGlobalSection
	GlobalSection(SolutionProperties) = preSolution
		HideSolutionNode = FALSE
	EndGlobalSection
EndGlobal
